// !$*UTF8*$!
{
	archiveVersion = 1;
	classes = {
	};
	objectVersion = 46;
	objects = {

/* Begin PBXBuildFile section */
		6442A1A61CFEB9B100343A5B /* AppDelegate.swift in Sources */ = {isa = PBXBuildFile; fileRef = 6442A1A51CFEB9B100343A5B /* AppDelegate.swift */; };
		6442A1A81CFEB9B100343A5B /* ViewController.swift in Sources */ = {isa = PBXBuildFile; fileRef = 6442A1A71CFEB9B100343A5B /* ViewController.swift */; };
		6442A1AB1CFEB9B100343A5B /* Main.storyboard in Resources */ = {isa = PBXBuildFile; fileRef = 6442A1A91CFEB9B100343A5B /* Main.storyboard */; };
		6442A1AD1CFEB9B100343A5B /* Assets.xcassets in Resources */ = {isa = PBXBuildFile; fileRef = 6442A1AC1CFEB9B100343A5B /* Assets.xcassets */; };
		6442A1B01CFEB9B100343A5B /* LaunchScreen.storyboard in Resources */ = {isa = PBXBuildFile; fileRef = 6442A1AE1CFEB9B100343A5B /* LaunchScreen.storyboard */; };
/* End PBXBuildFile section */

/* Begin PBXFileReference section */
		6442A1A21CFEB9B100343A5B /* Multiples.app */ = {isa = PBXFileReference; explicitFileType = wrapper.application; includeInIndex = 0; path = Multiples.app; sourceTree = BUILT_PRODUCTS_DIR; };
		6442A1A51CFEB9B100343A5B /* AppDelegate.swift */ = {isa = PBXFileReference; lastKnownFileType = sourcecode.swift; path = AppDelegate.swift; sourceTree = "<group>"; };
		6442A1A71CFEB9B100343A5B /* ViewController.swift */ = {isa = PBXFileReference; lastKnownFileType = sourcecode.swift; path = ViewController.swift; sourceTree = "<group>"; };
		6442A1AA1CFEB9B100343A5B /* Base */ = {isa = PBXFileReference; lastKnownFileType = file.storyboard; name = Base; path = Base.lproj/Main.storyboard; sourceTree = "<group>"; };
		6442A1AC1CFEB9B100343A5B /* Assets.xcassets */ = {isa = PBXFileReference; lastKnownFileType = folder.assetcatalog; path = Assets.xcassets; sourceTree = "<group>"; };
		6442A1AF1CFEB9B100343A5B /* Base */ = {isa = PBXFileReference; lastKnownFileType = file.storyboard; name = Base; path = Base.lproj/LaunchScreen.storyboard; sourceTree = "<group>"; };
		6442A1B11CFEB9B100343A5B /* Info.plist */ = {isa = PBXFileReference; lastKnownFileType = text.plist.xml; path = Info.plist; sourceTree = "<group>"; };
/* End PBXFileReference section */

/* Begin PBXFrameworksBuildPhase section */
		6442A19F1CFEB9B100343A5B /* Frameworks */ = {
			isa = PBXFrameworksBuildPhase;
			buildActionMask = 2147483647;
			files = (
			);
			runOnlyForDeploymentPostprocessing = 0;
		};
/* End PBXFrameworksBuildPhase section */

/* Begin PBXGroup section */
		6442A1991CFEB9B100343A5B = {
			isa = PBXGroup;
			children = (
				6442A1A41CFEB9B100343A5B /* Multiples */,
				6442A1A31CFEB9B100343A5B /* Products */,
			);
			sourceTree = "<group>";
		};
		6442A1A31CFEB9B100343A5B /* Products */ = {
			isa = PBXGroup;
			children = (
				6442A1A21CFEB9B100343A5B /* Multiples.app */,
			);
			name = Products;
			sourceTree = "<group>";
		};
		6442A1A41CFEB9B100343A5B /* Multiples */ = {
			isa = PBXGroup;
			children = (
				6442A1A51CFEB9B100343A5B /* AppDelegate.swift */,
				6442A1A71CFEB9B100343A5B /* ViewController.swift */,
				6442A1A91CFEB9B100343A5B /* Main.storyboard */,
				6442A1AC1CFEB9B100343A5B /* Assets.xcassets */,
				6442A1AE1CFEB9B100343A5B /* LaunchScreen.storyboard */,
				6442A1B11CFEB9B100343A5B /* Info.plist */,
			);
			path = Multiples;
			sourceTree = "<group>";
		};
/* End PBXGroup section */

/* Begin PBXNativeTarget section */
		6442A1A11CFEB9B100343A5B /* Multiples */ = {
			isa = PBXNativeTarget;
			buildConfigurationList = 6442A1B41CFEB9B100343A5B /* Build configuration list for PBXNativeTarget "Multiples" */;
			buildPhases = (
				6442A19E1CFEB9B100343A5B /* Sources */,
				6442A19F1CFEB9B100343A5B /* Frameworks */,
				6442A1A01CFEB9B100343A5B /* Resources */,
			);
			buildRules = (
			);
			dependencies = (
			);
			name = Multiples;
			productName = Multiples;
			productReference = 6442A1A21CFEB9B100343A5B /* Multiples.app */;
			productType = "com.apple.product-type.application";
		};
/* End PBXNativeTarget section */

/* Begin PBXProject section */
		6442A19A1CFEB9B100343A5B /* Project object */ = {
			isa = PBXProject;
			attributes = {
				LastSwiftUpdateCheck = 0730;
				LastUpgradeCheck = 0730;
				ORGANIZATIONNAME = "Alex Lima Lopes Cancado";
				TargetAttributes = {
					6442A1A11CFEB9B100343A5B = {
						CreatedOnToolsVersion = 7.3.1;
					};
				};
			};
			buildConfigurationList = 6442A19D1CFEB9B100343A5B /* Build configuration list for PBXProject "Multiples" */;
			compatibilityVersion = "Xcode 3.2";
			developmentRegion = English;
			hasScannedForEncodings = 0;
			knownRegions = (
				en,
				Base,
			);
			mainGroup = 6442A1991CFEB9B100343A5B;
			productRefGroup = 6442A1A31CFEB9B100343A5B /* Products */;
			projectDirPath = "";
			projectRoot = "";
			targets = (
				6442A1A11CFEB9B100343A5B /* Multiples */,
			);
		};
/* End PBXProject section */

/* Begin PBXResourcesBuildPhase section */
		6442A1A01CFEB9B100343A5B /* Resources */ = {
			isa = PBXResourcesBuildPhase;
			buildActionMask = 2147483647;
			files = (
				6442A1B01CFEB9B100343A5B /* LaunchScreen.storyboard in Resources */,
				6442A1AD1CFEB9B100343A5B /* Assets.xcassets in Resources */,
				6442A1AB1CFEB9B100343A5B /* Main.storyboard in Resources */,
			);
			runOnlyForDeploymentPostprocessing = 0;
		};
/* End PBXResourcesBuildPhase section */

/* Begin PBXSourcesBuildPhase section */
		6442A19E1CFEB9B100343A5B /* Sources */ = {
			isa = PBXSourcesBuildPhase;
			buildActionMask = 2147483647;
			files = (
				6442A1A81CFEB9B100343A5B /* ViewController.swift in Sources */,
				6442A1A61CFEB9B100343A5B /* AppDelegate.swift in Sources */,
			);
			runOnlyForDeploymentPostprocessing = 0;
		};
/* End PBXSourcesBuildPhase section */

/* Begin PBXVariantGroup section */
		6442A1A91CFEB9B100343A5B /* Main.storyboard */ = {
			isa = PBXVariantGroup;
			children = (
				6442A1AA1CFEB9B100343A5B /* Base */,
			);
			name = Main.storyboard;
			sourceTree = "<group>";
		};
		6442A1AE1CFEB9B100343A5B /* LaunchScreen.storyboard */ = {
			isa = PBXVariantGroup;
			children = (
				6442A1AF1CFEB9B100343A5B /* Base */,
			);
			name = LaunchScreen.storyboard;
			sourceTree = "<group>";
		};
/* End PBXVariantGroup section */

/* Begin XCBuildConfiguration section */
		6442A1B21CFEB9B100343A5B /* Debug */ = {
			isa = XCBuildConfiguration;
			buildSettings = {
				ALWAYS_SEARCH_USER_PATHS = NO;
				CLANG_ANALYZER_NONNULL = YES;
				CLANG_CXX_LANGUAGE_STANDARD = "gnu++0x";
				CLANG_CXX_LIBRARY = "libc++";
				CLANG_ENABLE_MODULES = YES;
				CLANG_ENABLE_OBJC_ARC = YES;
				CLANG_WARN_BOOL_CONVERSION = YES;
				CLANG_WARN_CONSTANT_CONVERSION = YES;
				CLANG_WARN_DIRECT_OBJC_ISA_USAGE = YES_ERROR;
				CLANG_WARN_EMPTY_BODY = YES;
				CLANG_WARN_ENUM_CONVERSION = YES;
				CLANG_WARN_INT_CONVERSION = YES;
				CLANG_WARN_OBJC_ROOT_CLASS = YES_ERROR;
				CLANG_WARN_UNREACHABLE_CODE = YES;
				CLANG_WARN__DUPLICATE_METHOD_MATCH = YES;
				"CODE_SIGN_IDENTITY[sdk=iphoneos*]" = "iPhone Developer";
				COPY_PHASE_STRIP = NO;
				DEBUG_INFORMATION_FORMAT = dwarf;
				ENABLE_STRICT_OBJC_MSGSEND = YES;
				ENABLE_TESTABILITY = YES;
				GCC_C_LANGUAGE_STANDARD = gnu99;
				GCC_DYNAMIC_NO_PIC = NO;
				GCC_NO_COMMON_BLOCKS = YES;
				GCC_OPTIMIZATION_LEVEL = 0;
				GCC_PREPROCESSOR_DEFINITIONS = (
					"DEBUG=1",
					"$(inherited)",
				);
				GCC_WARN_64_TO_32_BIT_CONVERSION = YES;
				GCC_WARN_ABOUT_RETURN_TYPE = YES_ERROR;
				GCC_WARN_UNDECLARED_SELECTOR = YES;
				GCC_WARN_UNINITIALIZED_AUTOS = YES_AGGRESSIVE;
				GCC_WARN_UNUSED_FUNCTION = YES;
				GCC_WARN_UNUSED_VARIABLE = YES;
				IPHONEOS_DEPLOYMENT_TARGET = 9.3;
				MTL_ENABLE_DEBUG_INFO = YES;
				ONLY_ACTIVE_ARCH = YES;
				SDKROOT = iphoneos;
				SWIFT_OPTIMIZATION_LEVEL = "-Onone";
				TARGETED_DEVICE_FAMILY = "1,2";
			};
			name = Debug;
		};
		6442A1B31CFEB9B100343A5B /* Release */ = {
			isa = XCBuildConfiguration;
			buildSettings = {
				ALWAYS_SEARCH_USER_PATHS = NO;
				CLANG_ANALYZER_NONNULL = YES;
				CLANG_CXX_LANGUAGE_STANDARD = "gnu++0x";
				CLANG_CXX_LIBRARY = "libc++";
				CLANG_ENABLE_MODULES = YES;
				CLANG_ENABLE_OBJC_ARC = YES;
				CLANG_WARN_BOOL_CONVERSION = YES;
				CLANG_WARN_CONSTANT_CONVERSION = YES;
				CLANG_WARN_DIRECT_OBJC_ISA_USAGE = YES_ERROR;
				CLANG_WARN_EMPTY_BODY = YES;
				CLANG_WARN_ENUM_CONVERSION = YES;
				CLANG_WARN_INT_CONVERSION = YES;
				CLANG_WARN_OBJC_ROOT_CLASS = YES_ERROR;
				CLANG_WARN_UNREACHABLE_CODE = YES;
				CLANG_WARN__DUPLICATE_METHOD_MATCH = YES;
				"CODE_SIGN_IDENTITY[sdk=iphoneos*]" = "iPhone Developer";
				COPY_PHASE_STRIP = NO;
				DEBUG_INFORMATION_FORMAT = "dwarf-with-dsym";
				ENABLE_NS_ASSERTIONS = NO;
				ENABLE_STRICT_OBJC_MSGSEND = YES;
				GCC_C_LANGUAGE_STANDARD = gnu99;
				GCC_NO_COMMON_BLOCKS = YES;
				GCC_WARN_64_TO_32_BIT_CONVERSION = YES;
				GCC_WARN_ABOUT_RETURN_TYPE = YES_ERROR;
				GCC_WARN_UNDECLARED_SELECTOR = YES;
				GCC_WARN_UNINITIALIZED_AUTOS = YES_AGGRESSIVE;
				GCC_WARN_UNUSED_FUNCTION = YES;
				GCC_WARN_UNUSED_VARIABLE = YES;
				IPHONEOS_DEPLOYMENT_TARGET = 9.3;
				MTL_ENABLE_DEBUG_INFO = NO;
				SDKROOT = iphoneos;
				TARGETED_DEVICE_FAMILY = "1,2";
				VALIDATE_PRODUCT = YES;
			};
			name = Release;
		};
		6442A1B51CFEB9B100343A5B /* Debug */ = {
			isa = XCBuildConfiguration;
			buildSettings = {
				ASSETCATALOG_COMPILER_APPICON_NAME = AppIcon;
				INFOPLIST_FILE = Multiples/Info.plist;
				LD_RUNPATH_SEARCH_PATHS = "$(inherited) @executable_path/Frameworks";
				PRODUCT_BUNDLE_IDENTIFIER = com.diygamedev.Multiples;
				PRODUCT_NAME = "$(TARGET_NAME)";
			};
			name = Debug;
		};
		6442A1B61CFEB9B100343A5B /* Release */ = {
			isa = XCBuildConfiguration;
			buildSettings = {
				ASSETCATALOG_COMPILER_APPICON_NAME = AppIcon;
				INFOPLIST_FILE = Multiples/Info.plist;
				LD_RUNPATH_SEARCH_PATHS = "$(inherited) @executable_path/Frameworks";
				PRODUCT_BUNDLE_IDENTIFIER = com.diygamedev.Multiples;
				PRODUCT_NAME = "$(TARGET_NAME)";
			};
			name = Release;
		};
/* End XCBuildConfiguration section */

/* Begin XCConfigurationList section */
		6442A19D1CFEB9B100343A5B /* Build configuration list for PBXProject "Multiples" */ = {
			isa = XCConfigurationList;
			buildConfigurations = (
				6442A1B21CFEB9B100343A5B /* Debug */,
				6442A1B31CFEB9B100343A5B /* Release */,
			);
			defaultConfigurationIsVisible = 0;
			defaultConfigurationName = Release;
		};
		6442A1B41CFEB9B100343A5B /* Build configuration list for PBXNativeTarget "Multiples" */ = {
			isa = XCConfigurationList;
			buildConfigurations = (
				6442A1B51CFEB9B100343A5B /* Debug */,
				6442A1B61CFEB9B100343A5B /* Release */,
			);
			defaultConfigurationIsVisible = 0;
			defaultConfigurationName = Release;
		};
/* End XCConfigurationList section */
	};
	rootObject = 6442A19A1CFEB9B100343A5B /* Project object */;
}
