// !$*UTF8*$!
{
	archiveVersion = 1;
	classes = {
	};
	objectVersion = 46;
	objects = {

/* Begin PBXBuildFile section */
		64AA33CD1D0A013900919CFF /* AppDelegate.swift in Sources */ = {isa = PBXBuildFile; fileRef = 64AA33CC1D0A013900919CFF /* AppDelegate.swift */; };
		64AA33CF1D0A013900919CFF /* ViewController.swift in Sources */ = {isa = PBXBuildFile; fileRef = 64AA33CE1D0A013900919CFF /* ViewController.swift */; };
		64AA33D21D0A013900919CFF /* Main.storyboard in Resources */ = {isa = PBXBuildFile; fileRef = 64AA33D01D0A013900919CFF /* Main.storyboard */; };
		64AA33D41D0A013900919CFF /* Assets.xcassets in Resources */ = {isa = PBXBuildFile; fileRef = 64AA33D31D0A013900919CFF /* Assets.xcassets */; };
		64AA33D71D0A013900919CFF /* LaunchScreen.storyboard in Resources */ = {isa = PBXBuildFile; fileRef = 64AA33D51D0A013900919CFF /* LaunchScreen.storyboard */; };
		64AA33DF1D0A159800919CFF /* DragImage.swift in Sources */ = {isa = PBXBuildFile; fileRef = 64AA33DE1D0A159800919CFF /* DragImage.swift */; };
		64AA33E11D0A198600919CFF /* MonsterImage.swift in Sources */ = {isa = PBXBuildFile; fileRef = 64AA33E01D0A198600919CFF /* MonsterImage.swift */; };
/* End PBXBuildFile section */

/* Begin PBXFileReference section */
		64AA33C91D0A013900919CFF /* pokepet.app */ = {isa = PBXFileReference; explicitFileType = wrapper.application; includeInIndex = 0; path = pokepet.app; sourceTree = BUILT_PRODUCTS_DIR; };
		64AA33CC1D0A013900919CFF /* AppDelegate.swift */ = {isa = PBXFileReference; lastKnownFileType = sourcecode.swift; path = AppDelegate.swift; sourceTree = "<group>"; };
		64AA33CE1D0A013900919CFF /* ViewController.swift */ = {isa = PBXFileReference; lastKnownFileType = sourcecode.swift; path = ViewController.swift; sourceTree = "<group>"; };
		64AA33D11D0A013900919CFF /* Base */ = {isa = PBXFileReference; lastKnownFileType = file.storyboard; name = Base; path = Base.lproj/Main.storyboard; sourceTree = "<group>"; };
		64AA33D31D0A013900919CFF /* Assets.xcassets */ = {isa = PBXFileReference; lastKnownFileType = folder.assetcatalog; path = Assets.xcassets; sourceTree = "<group>"; };
		64AA33D61D0A013900919CFF /* Base */ = {isa = PBXFileReference; lastKnownFileType = file.storyboard; name = Base; path = Base.lproj/LaunchScreen.storyboard; sourceTree = "<group>"; };
		64AA33D81D0A013900919CFF /* Info.plist */ = {isa = PBXFileReference; lastKnownFileType = text.plist.xml; path = Info.plist; sourceTree = "<group>"; };
		64AA33DE1D0A159800919CFF /* DragImage.swift */ = {isa = PBXFileReference; fileEncoding = 4; lastKnownFileType = sourcecode.swift; path = DragImage.swift; sourceTree = "<group>"; };
		64AA33E01D0A198600919CFF /* MonsterImage.swift */ = {isa = PBXFileReference; fileEncoding = 4; lastKnownFileType = sourcecode.swift; path = MonsterImage.swift; sourceTree = "<group>"; };
/* End PBXFileReference section */

/* Begin PBXFrameworksBuildPhase section */
		64AA33C61D0A013900919CFF /* Frameworks */ = {
			isa = PBXFrameworksBuildPhase;
			buildActionMask = 2147483647;
			files = (
			);
			runOnlyForDeploymentPostprocessing = 0;
		};
/* End PBXFrameworksBuildPhase section */

/* Begin PBXGroup section */
		64AA33C01D0A013900919CFF = {
			isa = PBXGroup;
			children = (
				64AA33CB1D0A013900919CFF /* pokepet */,
				64AA33CA1D0A013900919CFF /* Products */,
			);
			sourceTree = "<group>";
		};
		64AA33CA1D0A013900919CFF /* Products */ = {
			isa = PBXGroup;
			children = (
				64AA33C91D0A013900919CFF /* pokepet.app */,
			);
			name = Products;
			sourceTree = "<group>";
		};
		64AA33CB1D0A013900919CFF /* pokepet */ = {
			isa = PBXGroup;
			children = (
				64AA33CC1D0A013900919CFF /* AppDelegate.swift */,
				64AA33CE1D0A013900919CFF /* ViewController.swift */,
				64AA33DE1D0A159800919CFF /* DragImage.swift */,
				64AA33D01D0A013900919CFF /* Main.storyboard */,
				64AA33D31D0A013900919CFF /* Assets.xcassets */,
				64AA33D51D0A013900919CFF /* LaunchScreen.storyboard */,
				64AA33D81D0A013900919CFF /* Info.plist */,
				64AA33E01D0A198600919CFF /* MonsterImage.swift */,
			);
			path = pokepet;
			sourceTree = "<group>";
		};
/* End PBXGroup section */

/* Begin PBXNativeTarget section */
		64AA33C81D0A013900919CFF /* pokepet */ = {
			isa = PBXNativeTarget;
			buildConfigurationList = 64AA33DB1D0A013900919CFF /* Build configuration list for PBXNativeTarget "pokepet" */;
			buildPhases = (
				64AA33C51D0A013900919CFF /* Sources */,
				64AA33C61D0A013900919CFF /* Frameworks */,
				64AA33C71D0A013900919CFF /* Resources */,
			);
			buildRules = (
			);
			dependencies = (
			);
			name = pokepet;
			productName = pokepet;
			productReference = 64AA33C91D0A013900919CFF /* pokepet.app */;
			productType = "com.apple.product-type.application";
		};
/* End PBXNativeTarget section */

/* Begin PBXProject section */
		64AA33C11D0A013900919CFF /* Project object */ = {
			isa = PBXProject;
			attributes = {
				LastSwiftUpdateCheck = 0730;
				LastUpgradeCheck = 0730;
				ORGANIZATIONNAME = "Alex Lima Lopes Cancado";
				TargetAttributes = {
					64AA33C81D0A013900919CFF = {
						CreatedOnToolsVersion = 7.3.1;
					};
				};
			};
			buildConfigurationList = 64AA33C41D0A013900919CFF /* Build configuration list for PBXProject "pokepet" */;
			compatibilityVersion = "Xcode 3.2";
			developmentRegion = English;
			hasScannedForEncodings = 0;
			knownRegions = (
				en,
				Base,
			);
			mainGroup = 64AA33C01D0A013900919CFF;
			productRefGroup = 64AA33CA1D0A013900919CFF /* Products */;
			projectDirPath = "";
			projectRoot = "";
			targets = (
				64AA33C81D0A013900919CFF /* pokepet */,
			);
		};
/* End PBXProject section */

/* Begin PBXResourcesBuildPhase section */
		64AA33C71D0A013900919CFF /* Resources */ = {
			isa = PBXResourcesBuildPhase;
			buildActionMask = 2147483647;
			files = (
				64AA33D71D0A013900919CFF /* LaunchScreen.storyboard in Resources */,
				64AA33D41D0A013900919CFF /* Assets.xcassets in Resources */,
				64AA33D21D0A013900919CFF /* Main.storyboard in Resources */,
			);
			runOnlyForDeploymentPostprocessing = 0;
		};
/* End PBXResourcesBuildPhase section */

/* Begin PBXSourcesBuildPhase section */
		64AA33C51D0A013900919CFF /* Sources */ = {
			isa = PBXSourcesBuildPhase;
			buildActionMask = 2147483647;
			files = (
				64AA33E11D0A198600919CFF /* MonsterImage.swift in Sources */,
				64AA33CF1D0A013900919CFF /* ViewController.swift in Sources */,
				64AA33DF1D0A159800919CFF /* DragImage.swift in Sources */,
				64AA33CD1D0A013900919CFF /* AppDelegate.swift in Sources */,
			);
			runOnlyForDeploymentPostprocessing = 0;
		};
/* End PBXSourcesBuildPhase section */

/* Begin PBXVariantGroup section */
		64AA33D01D0A013900919CFF /* Main.storyboard */ = {
			isa = PBXVariantGroup;
			children = (
				64AA33D11D0A013900919CFF /* Base */,
			);
			name = Main.storyboard;
			sourceTree = "<group>";
		};
		64AA33D51D0A013900919CFF /* LaunchScreen.storyboard */ = {
			isa = PBXVariantGroup;
			children = (
				64AA33D61D0A013900919CFF /* Base */,
			);
			name = LaunchScreen.storyboard;
			sourceTree = "<group>";
		};
/* End PBXVariantGroup section */

/* Begin XCBuildConfiguration section */
		64AA33D91D0A013900919CFF /* Debug */ = {
			isa = XCBuildConfiguration;
			buildSettings = {
				ALWAYS_SEARCH_USER_PATHS = NO;
				CLANG_ANALYZER_NONNULL = YES;
				CLANG_CXX_LANGUAGE_STANDARD = "gnu++0x";
				CLANG_CXX_LIBRARY = "libc++";
				CLANG_ENABLE_MODULES = YES;
				CLANG_ENABLE_OBJC_ARC = YES;
				CLANG_WARN_BOOL_CONVERSION = YES;
				CLANG_WARN_CONSTANT_CONVERSION = YES;
				CLANG_WARN_DIRECT_OBJC_ISA_USAGE = YES_ERROR;
				CLANG_WARN_EMPTY_BODY = YES;
				CLANG_WARN_ENUM_CONVERSION = YES;
				CLANG_WARN_INT_CONVERSION = YES;
				CLANG_WARN_OBJC_ROOT_CLASS = YES_ERROR;
				CLANG_WARN_UNREACHABLE_CODE = YES;
				CLANG_WARN__DUPLICATE_METHOD_MATCH = YES;
				"CODE_SIGN_IDENTITY[sdk=iphoneos*]" = "iPhone Developer";
				COPY_PHASE_STRIP = NO;
				DEBUG_INFORMATION_FORMAT = dwarf;
				ENABLE_STRICT_OBJC_MSGSEND = YES;
				ENABLE_TESTABILITY = YES;
				GCC_C_LANGUAGE_STANDARD = gnu99;
				GCC_DYNAMIC_NO_PIC = NO;
				GCC_NO_COMMON_BLOCKS = YES;
				GCC_OPTIMIZATION_LEVEL = 0;
				GCC_PREPROCESSOR_DEFINITIONS = (
					"DEBUG=1",
					"$(inherited)",
				);
				GCC_WARN_64_TO_32_BIT_CONVERSION = YES;
				GCC_WARN_ABOUT_RETURN_TYPE = YES_ERROR;
				GCC_WARN_UNDECLARED_SELECTOR = YES;
				GCC_WARN_UNINITIALIZED_AUTOS = YES_AGGRESSIVE;
				GCC_WARN_UNUSED_FUNCTION = YES;
				GCC_WARN_UNUSED_VARIABLE = YES;
				IPHONEOS_DEPLOYMENT_TARGET = 9.3;
				MTL_ENABLE_DEBUG_INFO = YES;
				ONLY_ACTIVE_ARCH = YES;
				SDKROOT = iphoneos;
				SWIFT_OPTIMIZATION_LEVEL = "-Onone";
				TARGETED_DEVICE_FAMILY = "1,2";
			};
			name = Debug;
		};
		64AA33DA1D0A013900919CFF /* Release */ = {
			isa = XCBuildConfiguration;
			buildSettings = {
				ALWAYS_SEARCH_USER_PATHS = NO;
				CLANG_ANALYZER_NONNULL = YES;
				CLANG_CXX_LANGUAGE_STANDARD = "gnu++0x";
				CLANG_CXX_LIBRARY = "libc++";
				CLANG_ENABLE_MODULES = YES;
				CLANG_ENABLE_OBJC_ARC = YES;
				CLANG_WARN_BOOL_CONVERSION = YES;
				CLANG_WARN_CONSTANT_CONVERSION = YES;
				CLANG_WARN_DIRECT_OBJC_ISA_USAGE = YES_ERROR;
				CLANG_WARN_EMPTY_BODY = YES;
				CLANG_WARN_ENUM_CONVERSION = YES;
				CLANG_WARN_INT_CONVERSION = YES;
				CLANG_WARN_OBJC_ROOT_CLASS = YES_ERROR;
				CLANG_WARN_UNREACHABLE_CODE = YES;
				CLANG_WARN__DUPLICATE_METHOD_MATCH = YES;
				"CODE_SIGN_IDENTITY[sdk=iphoneos*]" = "iPhone Developer";
				COPY_PHASE_STRIP = NO;
				DEBUG_INFORMATION_FORMAT = "dwarf-with-dsym";
				ENABLE_NS_ASSERTIONS = NO;
				ENABLE_STRICT_OBJC_MSGSEND = YES;
				GCC_C_LANGUAGE_STANDARD = gnu99;
				GCC_NO_COMMON_BLOCKS = YES;
				GCC_WARN_64_TO_32_BIT_CONVERSION = YES;
				GCC_WARN_ABOUT_RETURN_TYPE = YES_ERROR;
				GCC_WARN_UNDECLARED_SELECTOR = YES;
				GCC_WARN_UNINITIALIZED_AUTOS = YES_AGGRESSIVE;
				GCC_WARN_UNUSED_FUNCTION = YES;
				GCC_WARN_UNUSED_VARIABLE = YES;
				IPHONEOS_DEPLOYMENT_TARGET = 9.3;
				MTL_ENABLE_DEBUG_INFO = NO;
				SDKROOT = iphoneos;
				TARGETED_DEVICE_FAMILY = "1,2";
				VALIDATE_PRODUCT = YES;
			};
			name = Release;
		};
		64AA33DC1D0A013900919CFF /* Debug */ = {
			isa = XCBuildConfiguration;
			buildSettings = {
				ASSETCATALOG_COMPILER_APPICON_NAME = AppIcon;
				INFOPLIST_FILE = pokepet/Info.plist;
				LD_RUNPATH_SEARCH_PATHS = "$(inherited) @executable_path/Frameworks";
				PRODUCT_BUNDLE_IDENTIFIER = com.diygamedev.pokepet;
				PRODUCT_NAME = "$(TARGET_NAME)";
			};
			name = Debug;
		};
		64AA33DD1D0A013900919CFF /* Release */ = {
			isa = XCBuildConfiguration;
			buildSettings = {
				ASSETCATALOG_COMPILER_APPICON_NAME = AppIcon;
				INFOPLIST_FILE = pokepet/Info.plist;
				LD_RUNPATH_SEARCH_PATHS = "$(inherited) @executable_path/Frameworks";
				PRODUCT_BUNDLE_IDENTIFIER = com.diygamedev.pokepet;
				PRODUCT_NAME = "$(TARGET_NAME)";
			};
			name = Release;
		};
/* End XCBuildConfiguration section */

/* Begin XCConfigurationList section */
		64AA33C41D0A013900919CFF /* Build configuration list for PBXProject "pokepet" */ = {
			isa = XCConfigurationList;
			buildConfigurations = (
				64AA33D91D0A013900919CFF /* Debug */,
				64AA33DA1D0A013900919CFF /* Release */,
			);
			defaultConfigurationIsVisible = 0;
			defaultConfigurationName = Release;
		};
		64AA33DB1D0A013900919CFF /* Build configuration list for PBXNativeTarget "pokepet" */ = {
			isa = XCConfigurationList;
			buildConfigurations = (
				64AA33DC1D0A013900919CFF /* Debug */,
				64AA33DD1D0A013900919CFF /* Release */,
			);
			defaultConfigurationIsVisible = 0;
			defaultConfigurationName = Release;
		};
/* End XCConfigurationList section */
	};
	rootObject = 64AA33C11D0A013900919CFF /* Project object */;
}
