// !$*UTF8*$!
{
	archiveVersion = 1;
	classes = {
	};
	objectVersion = 46;
	objects = {

/* Begin PBXBuildFile section */
		64A256451D27A540002855AF /* AppDelegate.swift in Sources */ = {isa = PBXBuildFile; fileRef = 64A256441D27A540002855AF /* AppDelegate.swift */; };
		64A256471D27A540002855AF /* ViewController.swift in Sources */ = {isa = PBXBuildFile; fileRef = 64A256461D27A540002855AF /* ViewController.swift */; };
		64A2564A1D27A540002855AF /* Main.storyboard in Resources */ = {isa = PBXBuildFile; fileRef = 64A256481D27A540002855AF /* Main.storyboard */; };
		64A2564C1D27A540002855AF /* Assets.xcassets in Resources */ = {isa = PBXBuildFile; fileRef = 64A2564B1D27A540002855AF /* Assets.xcassets */; };
		64A2564F1D27A540002855AF /* LaunchScreen.storyboard in Resources */ = {isa = PBXBuildFile; fileRef = 64A2564D1D27A540002855AF /* LaunchScreen.storyboard */; };
/* End PBXBuildFile section */

/* Begin PBXFileReference section */
		64A256411D27A540002855AF /* Queenstown-nz.app */ = {isa = PBXFileReference; explicitFileType = wrapper.application; includeInIndex = 0; path = "Queenstown-nz.app"; sourceTree = BUILT_PRODUCTS_DIR; };
		64A256441D27A540002855AF /* AppDelegate.swift */ = {isa = PBXFileReference; lastKnownFileType = sourcecode.swift; path = AppDelegate.swift; sourceTree = "<group>"; };
		64A256461D27A540002855AF /* ViewController.swift */ = {isa = PBXFileReference; lastKnownFileType = sourcecode.swift; path = ViewController.swift; sourceTree = "<group>"; };
		64A256491D27A540002855AF /* Base */ = {isa = PBXFileReference; lastKnownFileType = file.storyboard; name = Base; path = Base.lproj/Main.storyboard; sourceTree = "<group>"; };
		64A2564B1D27A540002855AF /* Assets.xcassets */ = {isa = PBXFileReference; lastKnownFileType = folder.assetcatalog; path = Assets.xcassets; sourceTree = "<group>"; };
		64A2564E1D27A540002855AF /* Base */ = {isa = PBXFileReference; lastKnownFileType = file.storyboard; name = Base; path = Base.lproj/LaunchScreen.storyboard; sourceTree = "<group>"; };
		64A256501D27A540002855AF /* Info.plist */ = {isa = PBXFileReference; lastKnownFileType = text.plist.xml; path = Info.plist; sourceTree = "<group>"; };
/* End PBXFileReference section */

/* Begin PBXFrameworksBuildPhase section */
		64A2563E1D27A540002855AF /* Frameworks */ = {
			isa = PBXFrameworksBuildPhase;
			buildActionMask = 2147483647;
			files = (
			);
			runOnlyForDeploymentPostprocessing = 0;
		};
/* End PBXFrameworksBuildPhase section */

/* Begin PBXGroup section */
		64A256381D27A540002855AF = {
			isa = PBXGroup;
			children = (
				64A256431D27A540002855AF /* Queenstown-nz */,
				64A256421D27A540002855AF /* Products */,
			);
			sourceTree = "<group>";
		};
		64A256421D27A540002855AF /* Products */ = {
			isa = PBXGroup;
			children = (
				64A256411D27A540002855AF /* Queenstown-nz.app */,
			);
			name = Products;
			sourceTree = "<group>";
		};
		64A256431D27A540002855AF /* Queenstown-nz */ = {
			isa = PBXGroup;
			children = (
				64A256441D27A540002855AF /* AppDelegate.swift */,
				64A256461D27A540002855AF /* ViewController.swift */,
				64A256481D27A540002855AF /* Main.storyboard */,
				64A2564B1D27A540002855AF /* Assets.xcassets */,
				64A2564D1D27A540002855AF /* LaunchScreen.storyboard */,
				64A256501D27A540002855AF /* Info.plist */,
			);
			path = "Queenstown-nz";
			sourceTree = "<group>";
		};
/* End PBXGroup section */

/* Begin PBXNativeTarget section */
		64A256401D27A540002855AF /* Queenstown-nz */ = {
			isa = PBXNativeTarget;
			buildConfigurationList = 64A256531D27A540002855AF /* Build configuration list for PBXNativeTarget "Queenstown-nz" */;
			buildPhases = (
				64A2563D1D27A540002855AF /* Sources */,
				64A2563E1D27A540002855AF /* Frameworks */,
				64A2563F1D27A540002855AF /* Resources */,
			);
			buildRules = (
			);
			dependencies = (
			);
			name = "Queenstown-nz";
			productName = "Queenstown-nz";
			productReference = 64A256411D27A540002855AF /* Queenstown-nz.app */;
			productType = "com.apple.product-type.application";
		};
/* End PBXNativeTarget section */

/* Begin PBXProject section */
		64A256391D27A540002855AF /* Project object */ = {
			isa = PBXProject;
			attributes = {
				LastSwiftUpdateCheck = 0730;
				LastUpgradeCheck = 0730;
				ORGANIZATIONNAME = "Alex Lima Lopes Cancado";
				TargetAttributes = {
					64A256401D27A540002855AF = {
						CreatedOnToolsVersion = 7.3.1;
					};
				};
			};
			buildConfigurationList = 64A2563C1D27A540002855AF /* Build configuration list for PBXProject "Queenstown-nz" */;
			compatibilityVersion = "Xcode 3.2";
			developmentRegion = English;
			hasScannedForEncodings = 0;
			knownRegions = (
				en,
				Base,
			);
			mainGroup = 64A256381D27A540002855AF;
			productRefGroup = 64A256421D27A540002855AF /* Products */;
			projectDirPath = "";
			projectRoot = "";
			targets = (
				64A256401D27A540002855AF /* Queenstown-nz */,
			);
		};
/* End PBXProject section */

/* Begin PBXResourcesBuildPhase section */
		64A2563F1D27A540002855AF /* Resources */ = {
			isa = PBXResourcesBuildPhase;
			buildActionMask = 2147483647;
			files = (
				64A2564F1D27A540002855AF /* LaunchScreen.storyboard in Resources */,
				64A2564C1D27A540002855AF /* Assets.xcassets in Resources */,
				64A2564A1D27A540002855AF /* Main.storyboard in Resources */,
			);
			runOnlyForDeploymentPostprocessing = 0;
		};
/* End PBXResourcesBuildPhase section */

/* Begin PBXSourcesBuildPhase section */
		64A2563D1D27A540002855AF /* Sources */ = {
			isa = PBXSourcesBuildPhase;
			buildActionMask = 2147483647;
			files = (
				64A256471D27A540002855AF /* ViewController.swift in Sources */,
				64A256451D27A540002855AF /* AppDelegate.swift in Sources */,
			);
			runOnlyForDeploymentPostprocessing = 0;
		};
/* End PBXSourcesBuildPhase section */

/* Begin PBXVariantGroup section */
		64A256481D27A540002855AF /* Main.storyboard */ = {
			isa = PBXVariantGroup;
			children = (
				64A256491D27A540002855AF /* Base */,
			);
			name = Main.storyboard;
			sourceTree = "<group>";
		};
		64A2564D1D27A540002855AF /* LaunchScreen.storyboard */ = {
			isa = PBXVariantGroup;
			children = (
				64A2564E1D27A540002855AF /* Base */,
			);
			name = LaunchScreen.storyboard;
			sourceTree = "<group>";
		};
/* End PBXVariantGroup section */

/* Begin XCBuildConfiguration section */
		64A256511D27A540002855AF /* Debug */ = {
			isa = XCBuildConfiguration;
			buildSettings = {
				ALWAYS_SEARCH_USER_PATHS = NO;
				CLANG_ANALYZER_NONNULL = YES;
				CLANG_CXX_LANGUAGE_STANDARD = "gnu++0x";
				CLANG_CXX_LIBRARY = "libc++";
				CLANG_ENABLE_MODULES = YES;
				CLANG_ENABLE_OBJC_ARC = YES;
				CLANG_WARN_BOOL_CONVERSION = YES;
				CLANG_WARN_CONSTANT_CONVERSION = YES;
				CLANG_WARN_DIRECT_OBJC_ISA_USAGE = YES_ERROR;
				CLANG_WARN_EMPTY_BODY = YES;
				CLANG_WARN_ENUM_CONVERSION = YES;
				CLANG_WARN_INT_CONVERSION = YES;
				CLANG_WARN_OBJC_ROOT_CLASS = YES_ERROR;
				CLANG_WARN_UNREACHABLE_CODE = YES;
				CLANG_WARN__DUPLICATE_METHOD_MATCH = YES;
				"CODE_SIGN_IDENTITY[sdk=iphoneos*]" = "iPhone Developer";
				COPY_PHASE_STRIP = NO;
				DEBUG_INFORMATION_FORMAT = dwarf;
				ENABLE_STRICT_OBJC_MSGSEND = YES;
				ENABLE_TESTABILITY = YES;
				GCC_C_LANGUAGE_STANDARD = gnu99;
				GCC_DYNAMIC_NO_PIC = NO;
				GCC_NO_COMMON_BLOCKS = YES;
				GCC_OPTIMIZATION_LEVEL = 0;
				GCC_PREPROCESSOR_DEFINITIONS = (
					"DEBUG=1",
					"$(inherited)",
				);
				GCC_WARN_64_TO_32_BIT_CONVERSION = YES;
				GCC_WARN_ABOUT_RETURN_TYPE = YES_ERROR;
				GCC_WARN_UNDECLARED_SELECTOR = YES;
				GCC_WARN_UNINITIALIZED_AUTOS = YES_AGGRESSIVE;
				GCC_WARN_UNUSED_FUNCTION = YES;
				GCC_WARN_UNUSED_VARIABLE = YES;
				IPHONEOS_DEPLOYMENT_TARGET = 9.3;
				MTL_ENABLE_DEBUG_INFO = YES;
				ONLY_ACTIVE_ARCH = YES;
				SDKROOT = iphoneos;
				SWIFT_OPTIMIZATION_LEVEL = "-Onone";
				TARGETED_DEVICE_FAMILY = "1,2";
			};
			name = Debug;
		};
		64A256521D27A540002855AF /* Release */ = {
			isa = XCBuildConfiguration;
			buildSettings = {
				ALWAYS_SEARCH_USER_PATHS = NO;
				CLANG_ANALYZER_NONNULL = YES;
				CLANG_CXX_LANGUAGE_STANDARD = "gnu++0x";
				CLANG_CXX_LIBRARY = "libc++";
				CLANG_ENABLE_MODULES = YES;
				CLANG_ENABLE_OBJC_ARC = YES;
				CLANG_WARN_BOOL_CONVERSION = YES;
				CLANG_WARN_CONSTANT_CONVERSION = YES;
				CLANG_WARN_DIRECT_OBJC_ISA_USAGE = YES_ERROR;
				CLANG_WARN_EMPTY_BODY = YES;
				CLANG_WARN_ENUM_CONVERSION = YES;
				CLANG_WARN_INT_CONVERSION = YES;
				CLANG_WARN_OBJC_ROOT_CLASS = YES_ERROR;
				CLANG_WARN_UNREACHABLE_CODE = YES;
				CLANG_WARN__DUPLICATE_METHOD_MATCH = YES;
				"CODE_SIGN_IDENTITY[sdk=iphoneos*]" = "iPhone Developer";
				COPY_PHASE_STRIP = NO;
				DEBUG_INFORMATION_FORMAT = "dwarf-with-dsym";
				ENABLE_NS_ASSERTIONS = NO;
				ENABLE_STRICT_OBJC_MSGSEND = YES;
				GCC_C_LANGUAGE_STANDARD = gnu99;
				GCC_NO_COMMON_BLOCKS = YES;
				GCC_WARN_64_TO_32_BIT_CONVERSION = YES;
				GCC_WARN_ABOUT_RETURN_TYPE = YES_ERROR;
				GCC_WARN_UNDECLARED_SELECTOR = YES;
				GCC_WARN_UNINITIALIZED_AUTOS = YES_AGGRESSIVE;
				GCC_WARN_UNUSED_FUNCTION = YES;
				GCC_WARN_UNUSED_VARIABLE = YES;
				IPHONEOS_DEPLOYMENT_TARGET = 9.3;
				MTL_ENABLE_DEBUG_INFO = NO;
				SDKROOT = iphoneos;
				TARGETED_DEVICE_FAMILY = "1,2";
				VALIDATE_PRODUCT = YES;
			};
			name = Release;
		};
		64A256541D27A540002855AF /* Debug */ = {
			isa = XCBuildConfiguration;
			buildSettings = {
				ASSETCATALOG_COMPILER_APPICON_NAME = AppIcon;
				INFOPLIST_FILE = "Queenstown-nz/Info.plist";
				LD_RUNPATH_SEARCH_PATHS = "$(inherited) @executable_path/Frameworks";
				PRODUCT_BUNDLE_IDENTIFIER = "io.github.alxcancado.Queenstown-nz";
				PRODUCT_NAME = "$(TARGET_NAME)";
			};
			name = Debug;
		};
		64A256551D27A540002855AF /* Release */ = {
			isa = XCBuildConfiguration;
			buildSettings = {
				ASSETCATALOG_COMPILER_APPICON_NAME = AppIcon;
				INFOPLIST_FILE = "Queenstown-nz/Info.plist";
				LD_RUNPATH_SEARCH_PATHS = "$(inherited) @executable_path/Frameworks";
				PRODUCT_BUNDLE_IDENTIFIER = "io.github.alxcancado.Queenstown-nz";
				PRODUCT_NAME = "$(TARGET_NAME)";
			};
			name = Release;
		};
/* End XCBuildConfiguration section */

/* Begin XCConfigurationList section */
		64A2563C1D27A540002855AF /* Build configuration list for PBXProject "Queenstown-nz" */ = {
			isa = XCConfigurationList;
			buildConfigurations = (
				64A256511D27A540002855AF /* Debug */,
				64A256521D27A540002855AF /* Release */,
			);
			defaultConfigurationIsVisible = 0;
			defaultConfigurationName = Release;
		};
		64A256531D27A540002855AF /* Build configuration list for PBXNativeTarget "Queenstown-nz" */ = {
			isa = XCConfigurationList;
			buildConfigurations = (
				64A256541D27A540002855AF /* Debug */,
				64A256551D27A540002855AF /* Release */,
			);
			defaultConfigurationIsVisible = 0;
		};
/* End XCConfigurationList section */
	};
	rootObject = 64A256391D27A540002855AF /* Project object */;
}
