// !$*UTF8*$!
{
	archiveVersion = 1;
	classes = {
	};
	objectVersion = 46;
	objects = {

/* Begin PBXBuildFile section */
		644791381D13FFC50011696C /* YellowViewController.xib in Resources */ = {isa = PBXBuildFile; fileRef = 644791371D13FFC50011696C /* YellowViewController.xib */; };
		6460ECFE1D1290DF0000B130 /* AppDelegate.swift in Sources */ = {isa = PBXBuildFile; fileRef = 6460ECFD1D1290DF0000B130 /* AppDelegate.swift */; };
		6460ED001D1290DF0000B130 /* YellowViewController.swift in Sources */ = {isa = PBXBuildFile; fileRef = 6460ECFF1D1290DF0000B130 /* YellowViewController.swift */; };
		6460ED051D1290DF0000B130 /* Assets.xcassets in Resources */ = {isa = PBXBuildFile; fileRef = 6460ED041D1290DF0000B130 /* Assets.xcassets */; };
		6460ED081D1290DF0000B130 /* LaunchScreen.storyboard in Resources */ = {isa = PBXBuildFile; fileRef = 6460ED061D1290DF0000B130 /* LaunchScreen.storyboard */; };
/* End PBXBuildFile section */

/* Begin PBXFileReference section */
		644791371D13FFC50011696C /* YellowViewController.xib */ = {isa = PBXFileReference; fileEncoding = 4; lastKnownFileType = file.xib; path = YellowViewController.xib; sourceTree = "<group>"; };
		6460ECFA1D1290DF0000B130 /* no-storyboards.app */ = {isa = PBXFileReference; explicitFileType = wrapper.application; includeInIndex = 0; path = "no-storyboards.app"; sourceTree = BUILT_PRODUCTS_DIR; };
		6460ECFD1D1290DF0000B130 /* AppDelegate.swift */ = {isa = PBXFileReference; lastKnownFileType = sourcecode.swift; path = AppDelegate.swift; sourceTree = "<group>"; };
		6460ECFF1D1290DF0000B130 /* YellowViewController.swift */ = {isa = PBXFileReference; lastKnownFileType = sourcecode.swift; path = YellowViewController.swift; sourceTree = "<group>"; };
		6460ED041D1290DF0000B130 /* Assets.xcassets */ = {isa = PBXFileReference; lastKnownFileType = folder.assetcatalog; path = Assets.xcassets; sourceTree = "<group>"; };
		6460ED071D1290DF0000B130 /* Base */ = {isa = PBXFileReference; lastKnownFileType = file.storyboard; name = Base; path = Base.lproj/LaunchScreen.storyboard; sourceTree = "<group>"; };
		6460ED091D1290DF0000B130 /* Info.plist */ = {isa = PBXFileReference; lastKnownFileType = text.plist.xml; path = Info.plist; sourceTree = "<group>"; };
/* End PBXFileReference section */

/* Begin PBXFrameworksBuildPhase section */
		6460ECF71D1290DF0000B130 /* Frameworks */ = {
			isa = PBXFrameworksBuildPhase;
			buildActionMask = 2147483647;
			files = (
			);
			runOnlyForDeploymentPostprocessing = 0;
		};
/* End PBXFrameworksBuildPhase section */

/* Begin PBXGroup section */
		644791391D13FFD40011696C /* Model */ = {
			isa = PBXGroup;
			children = (
			);
			name = Model;
			sourceTree = "<group>";
		};
		6447913A1D13FFDD0011696C /* View */ = {
			isa = PBXGroup;
			children = (
				644791371D13FFC50011696C /* YellowViewController.xib */,
			);
			name = View;
			sourceTree = "<group>";
		};
		6447913B1D13FFEA0011696C /* Controller */ = {
			isa = PBXGroup;
			children = (
				6460ECFF1D1290DF0000B130 /* YellowViewController.swift */,
			);
			name = Controller;
			sourceTree = "<group>";
		};
		6460ECF11D1290DE0000B130 = {
			isa = PBXGroup;
			children = (
				6460ECFC1D1290DF0000B130 /* no-storyboards */,
				6460ECFB1D1290DF0000B130 /* Products */,
			);
			sourceTree = "<group>";
		};
		6460ECFB1D1290DF0000B130 /* Products */ = {
			isa = PBXGroup;
			children = (
				6460ECFA1D1290DF0000B130 /* no-storyboards.app */,
			);
			name = Products;
			sourceTree = "<group>";
		};
		6460ECFC1D1290DF0000B130 /* no-storyboards */ = {
			isa = PBXGroup;
			children = (
				6447913B1D13FFEA0011696C /* Controller */,
				6447913A1D13FFDD0011696C /* View */,
				644791391D13FFD40011696C /* Model */,
				6460ECFD1D1290DF0000B130 /* AppDelegate.swift */,
				6460ED041D1290DF0000B130 /* Assets.xcassets */,
				6460ED061D1290DF0000B130 /* LaunchScreen.storyboard */,
				6460ED091D1290DF0000B130 /* Info.plist */,
			);
			path = "no-storyboards";
			sourceTree = "<group>";
		};
/* End PBXGroup section */

/* Begin PBXNativeTarget section */
		6460ECF91D1290DF0000B130 /* no-storyboards */ = {
			isa = PBXNativeTarget;
			buildConfigurationList = 6460ED0C1D1290DF0000B130 /* Build configuration list for PBXNativeTarget "no-storyboards" */;
			buildPhases = (
				6460ECF61D1290DF0000B130 /* Sources */,
				6460ECF71D1290DF0000B130 /* Frameworks */,
				6460ECF81D1290DF0000B130 /* Resources */,
			);
			buildRules = (
			);
			dependencies = (
			);
			name = "no-storyboards";
			productName = "no-storyboards";
			productReference = 6460ECFA1D1290DF0000B130 /* no-storyboards.app */;
			productType = "com.apple.product-type.application";
		};
/* End PBXNativeTarget section */

/* Begin PBXProject section */
		6460ECF21D1290DF0000B130 /* Project object */ = {
			isa = PBXProject;
			attributes = {
				LastSwiftUpdateCheck = 0730;
				LastUpgradeCheck = 0730;
				ORGANIZATIONNAME = "Alex Lima Lopes Cancado";
				TargetAttributes = {
					6460ECF91D1290DF0000B130 = {
						CreatedOnToolsVersion = 7.3.1;
					};
				};
			};
			buildConfigurationList = 6460ECF51D1290DF0000B130 /* Build configuration list for PBXProject "no-storyboards" */;
			compatibilityVersion = "Xcode 3.2";
			developmentRegion = English;
			hasScannedForEncodings = 0;
			knownRegions = (
				en,
				Base,
			);
			mainGroup = 6460ECF11D1290DE0000B130;
			productRefGroup = 6460ECFB1D1290DF0000B130 /* Products */;
			projectDirPath = "";
			projectRoot = "";
			targets = (
				6460ECF91D1290DF0000B130 /* no-storyboards */,
			);
		};
/* End PBXProject section */

/* Begin PBXResourcesBuildPhase section */
		6460ECF81D1290DF0000B130 /* Resources */ = {
			isa = PBXResourcesBuildPhase;
			buildActionMask = 2147483647;
			files = (
				6460ED081D1290DF0000B130 /* LaunchScreen.storyboard in Resources */,
				644791381D13FFC50011696C /* YellowViewController.xib in Resources */,
				6460ED051D1290DF0000B130 /* Assets.xcassets in Resources */,
			);
			runOnlyForDeploymentPostprocessing = 0;
		};
/* End PBXResourcesBuildPhase section */

/* Begin PBXSourcesBuildPhase section */
		6460ECF61D1290DF0000B130 /* Sources */ = {
			isa = PBXSourcesBuildPhase;
			buildActionMask = 2147483647;
			files = (
				6460ED001D1290DF0000B130 /* YellowViewController.swift in Sources */,
				6460ECFE1D1290DF0000B130 /* AppDelegate.swift in Sources */,
			);
			runOnlyForDeploymentPostprocessing = 0;
		};
/* End PBXSourcesBuildPhase section */

/* Begin PBXVariantGroup section */
		6460ED061D1290DF0000B130 /* LaunchScreen.storyboard */ = {
			isa = PBXVariantGroup;
			children = (
				6460ED071D1290DF0000B130 /* Base */,
			);
			name = LaunchScreen.storyboard;
			sourceTree = "<group>";
		};
/* End PBXVariantGroup section */

/* Begin XCBuildConfiguration section */
		6460ED0A1D1290DF0000B130 /* Debug */ = {
			isa = XCBuildConfiguration;
			buildSettings = {
				ALWAYS_SEARCH_USER_PATHS = NO;
				CLANG_ANALYZER_NONNULL = YES;
				CLANG_CXX_LANGUAGE_STANDARD = "gnu++0x";
				CLANG_CXX_LIBRARY = "libc++";
				CLANG_ENABLE_MODULES = YES;
				CLANG_ENABLE_OBJC_ARC = YES;
				CLANG_WARN_BOOL_CONVERSION = YES;
				CLANG_WARN_CONSTANT_CONVERSION = YES;
				CLANG_WARN_DIRECT_OBJC_ISA_USAGE = YES_ERROR;
				CLANG_WARN_EMPTY_BODY = YES;
				CLANG_WARN_ENUM_CONVERSION = YES;
				CLANG_WARN_INT_CONVERSION = YES;
				CLANG_WARN_OBJC_ROOT_CLASS = YES_ERROR;
				CLANG_WARN_UNREACHABLE_CODE = YES;
				CLANG_WARN__DUPLICATE_METHOD_MATCH = YES;
				"CODE_SIGN_IDENTITY[sdk=iphoneos*]" = "iPhone Developer";
				COPY_PHASE_STRIP = NO;
				DEBUG_INFORMATION_FORMAT = dwarf;
				ENABLE_STRICT_OBJC_MSGSEND = YES;
				ENABLE_TESTABILITY = YES;
				GCC_C_LANGUAGE_STANDARD = gnu99;
				GCC_DYNAMIC_NO_PIC = NO;
				GCC_NO_COMMON_BLOCKS = YES;
				GCC_OPTIMIZATION_LEVEL = 0;
				GCC_PREPROCESSOR_DEFINITIONS = (
					"DEBUG=1",
					"$(inherited)",
				);
				GCC_WARN_64_TO_32_BIT_CONVERSION = YES;
				GCC_WARN_ABOUT_RETURN_TYPE = YES_ERROR;
				GCC_WARN_UNDECLARED_SELECTOR = YES;
				GCC_WARN_UNINITIALIZED_AUTOS = YES_AGGRESSIVE;
				GCC_WARN_UNUSED_FUNCTION = YES;
				GCC_WARN_UNUSED_VARIABLE = YES;
				IPHONEOS_DEPLOYMENT_TARGET = 9.3;
				MTL_ENABLE_DEBUG_INFO = YES;
				ONLY_ACTIVE_ARCH = YES;
				SDKROOT = iphoneos;
				SWIFT_OPTIMIZATION_LEVEL = "-Onone";
				TARGETED_DEVICE_FAMILY = "1,2";
			};
			name = Debug;
		};
		6460ED0B1D1290DF0000B130 /* Release */ = {
			isa = XCBuildConfiguration;
			buildSettings = {
				ALWAYS_SEARCH_USER_PATHS = NO;
				CLANG_ANALYZER_NONNULL = YES;
				CLANG_CXX_LANGUAGE_STANDARD = "gnu++0x";
				CLANG_CXX_LIBRARY = "libc++";
				CLANG_ENABLE_MODULES = YES;
				CLANG_ENABLE_OBJC_ARC = YES;
				CLANG_WARN_BOOL_CONVERSION = YES;
				CLANG_WARN_CONSTANT_CONVERSION = YES;
				CLANG_WARN_DIRECT_OBJC_ISA_USAGE = YES_ERROR;
				CLANG_WARN_EMPTY_BODY = YES;
				CLANG_WARN_ENUM_CONVERSION = YES;
				CLANG_WARN_INT_CONVERSION = YES;
				CLANG_WARN_OBJC_ROOT_CLASS = YES_ERROR;
				CLANG_WARN_UNREACHABLE_CODE = YES;
				CLANG_WARN__DUPLICATE_METHOD_MATCH = YES;
				"CODE_SIGN_IDENTITY[sdk=iphoneos*]" = "iPhone Developer";
				COPY_PHASE_STRIP = NO;
				DEBUG_INFORMATION_FORMAT = "dwarf-with-dsym";
				ENABLE_NS_ASSERTIONS = NO;
				ENABLE_STRICT_OBJC_MSGSEND = YES;
				GCC_C_LANGUAGE_STANDARD = gnu99;
				GCC_NO_COMMON_BLOCKS = YES;
				GCC_WARN_64_TO_32_BIT_CONVERSION = YES;
				GCC_WARN_ABOUT_RETURN_TYPE = YES_ERROR;
				GCC_WARN_UNDECLARED_SELECTOR = YES;
				GCC_WARN_UNINITIALIZED_AUTOS = YES_AGGRESSIVE;
				GCC_WARN_UNUSED_FUNCTION = YES;
				GCC_WARN_UNUSED_VARIABLE = YES;
				IPHONEOS_DEPLOYMENT_TARGET = 9.3;
				MTL_ENABLE_DEBUG_INFO = NO;
				SDKROOT = iphoneos;
				TARGETED_DEVICE_FAMILY = "1,2";
				VALIDATE_PRODUCT = YES;
			};
			name = Release;
		};
		6460ED0D1D1290DF0000B130 /* Debug */ = {
			isa = XCBuildConfiguration;
			buildSettings = {
				ASSETCATALOG_COMPILER_APPICON_NAME = AppIcon;
				INFOPLIST_FILE = "no-storyboards/Info.plist";
				LD_RUNPATH_SEARCH_PATHS = "$(inherited) @executable_path/Frameworks";
				PRODUCT_BUNDLE_IDENTIFIER = "io.github.alxcancado.no-storyboards";
				PRODUCT_NAME = "$(TARGET_NAME)";
			};
			name = Debug;
		};
		6460ED0E1D1290DF0000B130 /* Release */ = {
			isa = XCBuildConfiguration;
			buildSettings = {
				ASSETCATALOG_COMPILER_APPICON_NAME = AppIcon;
				INFOPLIST_FILE = "no-storyboards/Info.plist";
				LD_RUNPATH_SEARCH_PATHS = "$(inherited) @executable_path/Frameworks";
				PRODUCT_BUNDLE_IDENTIFIER = "io.github.alxcancado.no-storyboards";
				PRODUCT_NAME = "$(TARGET_NAME)";
			};
			name = Release;
		};
/* End XCBuildConfiguration section */

/* Begin XCConfigurationList section */
		6460ECF51D1290DF0000B130 /* Build configuration list for PBXProject "no-storyboards" */ = {
			isa = XCConfigurationList;
			buildConfigurations = (
				6460ED0A1D1290DF0000B130 /* Debug */,
				6460ED0B1D1290DF0000B130 /* Release */,
			);
			defaultConfigurationIsVisible = 0;
			defaultConfigurationName = Release;
		};
		6460ED0C1D1290DF0000B130 /* Build configuration list for PBXNativeTarget "no-storyboards" */ = {
			isa = XCConfigurationList;
			buildConfigurations = (
				6460ED0D1D1290DF0000B130 /* Debug */,
				6460ED0E1D1290DF0000B130 /* Release */,
			);
			defaultConfigurationIsVisible = 0;
			defaultConfigurationName = Release;
		};
/* End XCConfigurationList section */
	};
	rootObject = 6460ECF21D1290DF0000B130 /* Project object */;
}
