// !$*UTF8*$!
{
	archiveVersion = 1;
	classes = {
	};
	objectVersion = 46;
	objects = {

/* Begin PBXBuildFile section */
		64AA33851D03FAF400919CFF /* AppDelegate.swift in Sources */ = {isa = PBXBuildFile; fileRef = 64AA33841D03FAF400919CFF /* AppDelegate.swift */; };
		64AA33871D03FAF400919CFF /* ViewController.swift in Sources */ = {isa = PBXBuildFile; fileRef = 64AA33861D03FAF400919CFF /* ViewController.swift */; };
		64AA338A1D03FAF400919CFF /* Main.storyboard in Resources */ = {isa = PBXBuildFile; fileRef = 64AA33881D03FAF400919CFF /* Main.storyboard */; };
		64AA338C1D03FAF400919CFF /* Assets.xcassets in Resources */ = {isa = PBXBuildFile; fileRef = 64AA338B1D03FAF400919CFF /* Assets.xcassets */; };
		64AA338F1D03FAF400919CFF /* LaunchScreen.storyboard in Resources */ = {isa = PBXBuildFile; fileRef = 64AA338D1D03FAF400919CFF /* LaunchScreen.storyboard */; };
		64AA33971D04072D00919CFF /* Character.swift in Sources */ = {isa = PBXBuildFile; fileRef = 64AA33961D04072D00919CFF /* Character.swift */; };
		64AA33991D0408CF00919CFF /* Player.swift in Sources */ = {isa = PBXBuildFile; fileRef = 64AA33981D0408CF00919CFF /* Player.swift */; };
		64AA339B1D040ABF00919CFF /* Enemy.swift in Sources */ = {isa = PBXBuildFile; fileRef = 64AA339A1D040ABF00919CFF /* Enemy.swift */; };
		64AA339D1D040C5600919CFF /* Kimara.swift in Sources */ = {isa = PBXBuildFile; fileRef = 64AA339C1D040C5600919CFF /* Kimara.swift */; };
		64AA339F1D040E6F00919CFF /* DevilWizard.swift in Sources */ = {isa = PBXBuildFile; fileRef = 64AA339E1D040E6F00919CFF /* DevilWizard.swift */; };
/* End PBXBuildFile section */

/* Begin PBXFileReference section */
		64AA33811D03FAF400919CFF /* Fight Fantasy IV.app */ = {isa = PBXFileReference; explicitFileType = wrapper.application; includeInIndex = 0; path = "Fight Fantasy IV.app"; sourceTree = BUILT_PRODUCTS_DIR; };
		64AA33841D03FAF400919CFF /* AppDelegate.swift */ = {isa = PBXFileReference; lastKnownFileType = sourcecode.swift; path = AppDelegate.swift; sourceTree = "<group>"; };
		64AA33861D03FAF400919CFF /* ViewController.swift */ = {isa = PBXFileReference; lastKnownFileType = sourcecode.swift; path = ViewController.swift; sourceTree = "<group>"; };
		64AA33891D03FAF400919CFF /* Base */ = {isa = PBXFileReference; lastKnownFileType = file.storyboard; name = Base; path = Base.lproj/Main.storyboard; sourceTree = "<group>"; };
		64AA338B1D03FAF400919CFF /* Assets.xcassets */ = {isa = PBXFileReference; lastKnownFileType = folder.assetcatalog; path = Assets.xcassets; sourceTree = "<group>"; };
		64AA338E1D03FAF400919CFF /* Base */ = {isa = PBXFileReference; lastKnownFileType = file.storyboard; name = Base; path = Base.lproj/LaunchScreen.storyboard; sourceTree = "<group>"; };
		64AA33901D03FAF400919CFF /* Info.plist */ = {isa = PBXFileReference; lastKnownFileType = text.plist.xml; path = Info.plist; sourceTree = "<group>"; };
		64AA33961D04072D00919CFF /* Character.swift */ = {isa = PBXFileReference; fileEncoding = 4; lastKnownFileType = sourcecode.swift; path = Character.swift; sourceTree = "<group>"; };
		64AA33981D0408CF00919CFF /* Player.swift */ = {isa = PBXFileReference; fileEncoding = 4; lastKnownFileType = sourcecode.swift; path = Player.swift; sourceTree = "<group>"; };
		64AA339A1D040ABF00919CFF /* Enemy.swift */ = {isa = PBXFileReference; fileEncoding = 4; lastKnownFileType = sourcecode.swift; path = Enemy.swift; sourceTree = "<group>"; };
		64AA339C1D040C5600919CFF /* Kimara.swift */ = {isa = PBXFileReference; fileEncoding = 4; lastKnownFileType = sourcecode.swift; path = Kimara.swift; sourceTree = "<group>"; };
		64AA339E1D040E6F00919CFF /* DevilWizard.swift */ = {isa = PBXFileReference; fileEncoding = 4; lastKnownFileType = sourcecode.swift; path = DevilWizard.swift; sourceTree = "<group>"; };
/* End PBXFileReference section */

/* Begin PBXFrameworksBuildPhase section */
		64AA337E1D03FAF400919CFF /* Frameworks */ = {
			isa = PBXFrameworksBuildPhase;
			buildActionMask = 2147483647;
			files = (
			);
			runOnlyForDeploymentPostprocessing = 0;
		};
/* End PBXFrameworksBuildPhase section */

/* Begin PBXGroup section */
		64AA33781D03FAF400919CFF = {
			isa = PBXGroup;
			children = (
				64AA33831D03FAF400919CFF /* Fight Fantasy IV */,
				64AA33821D03FAF400919CFF /* Products */,
			);
			sourceTree = "<group>";
		};
		64AA33821D03FAF400919CFF /* Products */ = {
			isa = PBXGroup;
			children = (
				64AA33811D03FAF400919CFF /* Fight Fantasy IV.app */,
			);
			name = Products;
			sourceTree = "<group>";
		};
		64AA33831D03FAF400919CFF /* Fight Fantasy IV */ = {
			isa = PBXGroup;
			children = (
				64AA33841D03FAF400919CFF /* AppDelegate.swift */,
				64AA33861D03FAF400919CFF /* ViewController.swift */,
				64AA33881D03FAF400919CFF /* Main.storyboard */,
				64AA338B1D03FAF400919CFF /* Assets.xcassets */,
				64AA338D1D03FAF400919CFF /* LaunchScreen.storyboard */,
				64AA33901D03FAF400919CFF /* Info.plist */,
				64AA33961D04072D00919CFF /* Character.swift */,
				64AA33981D0408CF00919CFF /* Player.swift */,
				64AA339A1D040ABF00919CFF /* Enemy.swift */,
				64AA339C1D040C5600919CFF /* Kimara.swift */,
				64AA339E1D040E6F00919CFF /* DevilWizard.swift */,
			);
			path = "Fight Fantasy IV";
			sourceTree = "<group>";
		};
/* End PBXGroup section */

/* Begin PBXNativeTarget section */
		64AA33801D03FAF400919CFF /* Fight Fantasy IV */ = {
			isa = PBXNativeTarget;
			buildConfigurationList = 64AA33931D03FAF400919CFF /* Build configuration list for PBXNativeTarget "Fight Fantasy IV" */;
			buildPhases = (
				64AA337D1D03FAF400919CFF /* Sources */,
				64AA337E1D03FAF400919CFF /* Frameworks */,
				64AA337F1D03FAF400919CFF /* Resources */,
			);
			buildRules = (
			);
			dependencies = (
			);
			name = "Fight Fantasy IV";
			productName = "Fight Fantasy IV";
			productReference = 64AA33811D03FAF400919CFF /* Fight Fantasy IV.app */;
			productType = "com.apple.product-type.application";
		};
/* End PBXNativeTarget section */

/* Begin PBXProject section */
		64AA33791D03FAF400919CFF /* Project object */ = {
			isa = PBXProject;
			attributes = {
				LastSwiftUpdateCheck = 0730;
				LastUpgradeCheck = 0730;
				ORGANIZATIONNAME = "Alex Lima Lopes Cancado";
				TargetAttributes = {
					64AA33801D03FAF400919CFF = {
						CreatedOnToolsVersion = 7.3.1;
					};
				};
			};
			buildConfigurationList = 64AA337C1D03FAF400919CFF /* Build configuration list for PBXProject "Fight Fantasy IV" */;
			compatibilityVersion = "Xcode 3.2";
			developmentRegion = English;
			hasScannedForEncodings = 0;
			knownRegions = (
				en,
				Base,
			);
			mainGroup = 64AA33781D03FAF400919CFF;
			productRefGroup = 64AA33821D03FAF400919CFF /* Products */;
			projectDirPath = "";
			projectRoot = "";
			targets = (
				64AA33801D03FAF400919CFF /* Fight Fantasy IV */,
			);
		};
/* End PBXProject section */

/* Begin PBXResourcesBuildPhase section */
		64AA337F1D03FAF400919CFF /* Resources */ = {
			isa = PBXResourcesBuildPhase;
			buildActionMask = 2147483647;
			files = (
				64AA338F1D03FAF400919CFF /* LaunchScreen.storyboard in Resources */,
				64AA338C1D03FAF400919CFF /* Assets.xcassets in Resources */,
				64AA338A1D03FAF400919CFF /* Main.storyboard in Resources */,
			);
			runOnlyForDeploymentPostprocessing = 0;
		};
/* End PBXResourcesBuildPhase section */

/* Begin PBXSourcesBuildPhase section */
		64AA337D1D03FAF400919CFF /* Sources */ = {
			isa = PBXSourcesBuildPhase;
			buildActionMask = 2147483647;
			files = (
				64AA33991D0408CF00919CFF /* Player.swift in Sources */,
				64AA339B1D040ABF00919CFF /* Enemy.swift in Sources */,
				64AA339F1D040E6F00919CFF /* DevilWizard.swift in Sources */,
				64AA339D1D040C5600919CFF /* Kimara.swift in Sources */,
				64AA33971D04072D00919CFF /* Character.swift in Sources */,
				64AA33871D03FAF400919CFF /* ViewController.swift in Sources */,
				64AA33851D03FAF400919CFF /* AppDelegate.swift in Sources */,
			);
			runOnlyForDeploymentPostprocessing = 0;
		};
/* End PBXSourcesBuildPhase section */

/* Begin PBXVariantGroup section */
		64AA33881D03FAF400919CFF /* Main.storyboard */ = {
			isa = PBXVariantGroup;
			children = (
				64AA33891D03FAF400919CFF /* Base */,
			);
			name = Main.storyboard;
			sourceTree = "<group>";
		};
		64AA338D1D03FAF400919CFF /* LaunchScreen.storyboard */ = {
			isa = PBXVariantGroup;
			children = (
				64AA338E1D03FAF400919CFF /* Base */,
			);
			name = LaunchScreen.storyboard;
			sourceTree = "<group>";
		};
/* End PBXVariantGroup section */

/* Begin XCBuildConfiguration section */
		64AA33911D03FAF400919CFF /* Debug */ = {
			isa = XCBuildConfiguration;
			buildSettings = {
				ALWAYS_SEARCH_USER_PATHS = NO;
				CLANG_ANALYZER_NONNULL = YES;
				CLANG_CXX_LANGUAGE_STANDARD = "gnu++0x";
				CLANG_CXX_LIBRARY = "libc++";
				CLANG_ENABLE_MODULES = YES;
				CLANG_ENABLE_OBJC_ARC = YES;
				CLANG_WARN_BOOL_CONVERSION = YES;
				CLANG_WARN_CONSTANT_CONVERSION = YES;
				CLANG_WARN_DIRECT_OBJC_ISA_USAGE = YES_ERROR;
				CLANG_WARN_EMPTY_BODY = YES;
				CLANG_WARN_ENUM_CONVERSION = YES;
				CLANG_WARN_INT_CONVERSION = YES;
				CLANG_WARN_OBJC_ROOT_CLASS = YES_ERROR;
				CLANG_WARN_UNREACHABLE_CODE = YES;
				CLANG_WARN__DUPLICATE_METHOD_MATCH = YES;
				"CODE_SIGN_IDENTITY[sdk=iphoneos*]" = "iPhone Developer";
				COPY_PHASE_STRIP = NO;
				DEBUG_INFORMATION_FORMAT = dwarf;
				ENABLE_STRICT_OBJC_MSGSEND = YES;
				ENABLE_TESTABILITY = YES;
				GCC_C_LANGUAGE_STANDARD = gnu99;
				GCC_DYNAMIC_NO_PIC = NO;
				GCC_NO_COMMON_BLOCKS = YES;
				GCC_OPTIMIZATION_LEVEL = 0;
				GCC_PREPROCESSOR_DEFINITIONS = (
					"DEBUG=1",
					"$(inherited)",
				);
				GCC_WARN_64_TO_32_BIT_CONVERSION = YES;
				GCC_WARN_ABOUT_RETURN_TYPE = YES_ERROR;
				GCC_WARN_UNDECLARED_SELECTOR = YES;
				GCC_WARN_UNINITIALIZED_AUTOS = YES_AGGRESSIVE;
				GCC_WARN_UNUSED_FUNCTION = YES;
				GCC_WARN_UNUSED_VARIABLE = YES;
				IPHONEOS_DEPLOYMENT_TARGET = 9.3;
				MTL_ENABLE_DEBUG_INFO = YES;
				ONLY_ACTIVE_ARCH = YES;
				SDKROOT = iphoneos;
				SWIFT_OPTIMIZATION_LEVEL = "-Onone";
				TARGETED_DEVICE_FAMILY = "1,2";
			};
			name = Debug;
		};
		64AA33921D03FAF400919CFF /* Release */ = {
			isa = XCBuildConfiguration;
			buildSettings = {
				ALWAYS_SEARCH_USER_PATHS = NO;
				CLANG_ANALYZER_NONNULL = YES;
				CLANG_CXX_LANGUAGE_STANDARD = "gnu++0x";
				CLANG_CXX_LIBRARY = "libc++";
				CLANG_ENABLE_MODULES = YES;
				CLANG_ENABLE_OBJC_ARC = YES;
				CLANG_WARN_BOOL_CONVERSION = YES;
				CLANG_WARN_CONSTANT_CONVERSION = YES;
				CLANG_WARN_DIRECT_OBJC_ISA_USAGE = YES_ERROR;
				CLANG_WARN_EMPTY_BODY = YES;
				CLANG_WARN_ENUM_CONVERSION = YES;
				CLANG_WARN_INT_CONVERSION = YES;
				CLANG_WARN_OBJC_ROOT_CLASS = YES_ERROR;
				CLANG_WARN_UNREACHABLE_CODE = YES;
				CLANG_WARN__DUPLICATE_METHOD_MATCH = YES;
				"CODE_SIGN_IDENTITY[sdk=iphoneos*]" = "iPhone Developer";
				COPY_PHASE_STRIP = NO;
				DEBUG_INFORMATION_FORMAT = "dwarf-with-dsym";
				ENABLE_NS_ASSERTIONS = NO;
				ENABLE_STRICT_OBJC_MSGSEND = YES;
				GCC_C_LANGUAGE_STANDARD = gnu99;
				GCC_NO_COMMON_BLOCKS = YES;
				GCC_WARN_64_TO_32_BIT_CONVERSION = YES;
				GCC_WARN_ABOUT_RETURN_TYPE = YES_ERROR;
				GCC_WARN_UNDECLARED_SELECTOR = YES;
				GCC_WARN_UNINITIALIZED_AUTOS = YES_AGGRESSIVE;
				GCC_WARN_UNUSED_FUNCTION = YES;
				GCC_WARN_UNUSED_VARIABLE = YES;
				IPHONEOS_DEPLOYMENT_TARGET = 9.3;
				MTL_ENABLE_DEBUG_INFO = NO;
				SDKROOT = iphoneos;
				TARGETED_DEVICE_FAMILY = "1,2";
				VALIDATE_PRODUCT = YES;
			};
			name = Release;
		};
		64AA33941D03FAF400919CFF /* Debug */ = {
			isa = XCBuildConfiguration;
			buildSettings = {
				ASSETCATALOG_COMPILER_APPICON_NAME = AppIcon;
				INFOPLIST_FILE = "Fight Fantasy IV/Info.plist";
				LD_RUNPATH_SEARCH_PATHS = "$(inherited) @executable_path/Frameworks";
				PRODUCT_BUNDLE_IDENTIFIER = "com.diygamedev.Fight-Fantasy-IV";
				PRODUCT_NAME = "$(TARGET_NAME)";
			};
			name = Debug;
		};
		64AA33951D03FAF400919CFF /* Release */ = {
			isa = XCBuildConfiguration;
			buildSettings = {
				ASSETCATALOG_COMPILER_APPICON_NAME = AppIcon;
				INFOPLIST_FILE = "Fight Fantasy IV/Info.plist";
				LD_RUNPATH_SEARCH_PATHS = "$(inherited) @executable_path/Frameworks";
				PRODUCT_BUNDLE_IDENTIFIER = "com.diygamedev.Fight-Fantasy-IV";
				PRODUCT_NAME = "$(TARGET_NAME)";
			};
			name = Release;
		};
/* End XCBuildConfiguration section */

/* Begin XCConfigurationList section */
		64AA337C1D03FAF400919CFF /* Build configuration list for PBXProject "Fight Fantasy IV" */ = {
			isa = XCConfigurationList;
			buildConfigurations = (
				64AA33911D03FAF400919CFF /* Debug */,
				64AA33921D03FAF400919CFF /* Release */,
			);
			defaultConfigurationIsVisible = 0;
			defaultConfigurationName = Release;
		};
		64AA33931D03FAF400919CFF /* Build configuration list for PBXNativeTarget "Fight Fantasy IV" */ = {
			isa = XCConfigurationList;
			buildConfigurations = (
				64AA33941D03FAF400919CFF /* Debug */,
				64AA33951D03FAF400919CFF /* Release */,
			);
			defaultConfigurationIsVisible = 0;
			defaultConfigurationName = Release;
		};
/* End XCConfigurationList section */
	};
	rootObject = 64AA33791D03FAF400919CFF /* Project object */;
}
