// !$*UTF8*$!
{
	archiveVersion = 1;
	classes = {
	};
	objectVersion = 46;
	objects = {

/* Begin PBXBuildFile section */
		640840781BD37C21002F3FCE /* AppDelegate.swift in Sources */ = {isa = PBXBuildFile; fileRef = 640840771BD37C21002F3FCE /* AppDelegate.swift */; };
		6408407A1BD37C21002F3FCE /* ViewController.swift in Sources */ = {isa = PBXBuildFile; fileRef = 640840791BD37C21002F3FCE /* ViewController.swift */; };
		6408407D1BD37C21002F3FCE /* Main.storyboard in Resources */ = {isa = PBXBuildFile; fileRef = 6408407B1BD37C21002F3FCE /* Main.storyboard */; };
		6408407F1BD37C21002F3FCE /* Assets.xcassets in Resources */ = {isa = PBXBuildFile; fileRef = 6408407E1BD37C21002F3FCE /* Assets.xcassets */; };
		640840821BD37C21002F3FCE /* LaunchScreen.storyboard in Resources */ = {isa = PBXBuildFile; fileRef = 640840801BD37C21002F3FCE /* LaunchScreen.storyboard */; };
/* End PBXBuildFile section */

/* Begin PBXFileReference section */
		640840741BD37C21002F3FCE /* AutoLayoutExercises.app */ = {isa = PBXFileReference; explicitFileType = wrapper.application; includeInIndex = 0; path = AutoLayoutExercises.app; sourceTree = BUILT_PRODUCTS_DIR; };
		640840771BD37C21002F3FCE /* AppDelegate.swift */ = {isa = PBXFileReference; lastKnownFileType = sourcecode.swift; path = AppDelegate.swift; sourceTree = "<group>"; };
		640840791BD37C21002F3FCE /* ViewController.swift */ = {isa = PBXFileReference; lastKnownFileType = sourcecode.swift; path = ViewController.swift; sourceTree = "<group>"; };
		6408407C1BD37C21002F3FCE /* Base */ = {isa = PBXFileReference; lastKnownFileType = file.storyboard; name = Base; path = Base.lproj/Main.storyboard; sourceTree = "<group>"; };
		6408407E1BD37C21002F3FCE /* Assets.xcassets */ = {isa = PBXFileReference; lastKnownFileType = folder.assetcatalog; path = Assets.xcassets; sourceTree = "<group>"; };
		640840811BD37C21002F3FCE /* Base */ = {isa = PBXFileReference; lastKnownFileType = file.storyboard; name = Base; path = Base.lproj/LaunchScreen.storyboard; sourceTree = "<group>"; };
		640840831BD37C21002F3FCE /* Info.plist */ = {isa = PBXFileReference; lastKnownFileType = text.plist.xml; path = Info.plist; sourceTree = "<group>"; };
/* End PBXFileReference section */

/* Begin PBXFrameworksBuildPhase section */
		640840711BD37C21002F3FCE /* Frameworks */ = {
			isa = PBXFrameworksBuildPhase;
			buildActionMask = 2147483647;
			files = (
			);
			runOnlyForDeploymentPostprocessing = 0;
		};
/* End PBXFrameworksBuildPhase section */

/* Begin PBXGroup section */
		6408406B1BD37C21002F3FCE = {
			isa = PBXGroup;
			children = (
				640840761BD37C21002F3FCE /* AutoLayoutExercises */,
				640840751BD37C21002F3FCE /* Products */,
			);
			sourceTree = "<group>";
		};
		640840751BD37C21002F3FCE /* Products */ = {
			isa = PBXGroup;
			children = (
				640840741BD37C21002F3FCE /* AutoLayoutExercises.app */,
			);
			name = Products;
			sourceTree = "<group>";
		};
		640840761BD37C21002F3FCE /* AutoLayoutExercises */ = {
			isa = PBXGroup;
			children = (
				640840771BD37C21002F3FCE /* AppDelegate.swift */,
				640840791BD37C21002F3FCE /* ViewController.swift */,
				6408407B1BD37C21002F3FCE /* Main.storyboard */,
				6408407E1BD37C21002F3FCE /* Assets.xcassets */,
				640840801BD37C21002F3FCE /* LaunchScreen.storyboard */,
				640840831BD37C21002F3FCE /* Info.plist */,
			);
			path = AutoLayoutExercises;
			sourceTree = "<group>";
		};
/* End PBXGroup section */

/* Begin PBXNativeTarget section */
		640840731BD37C21002F3FCE /* AutoLayoutExercises */ = {
			isa = PBXNativeTarget;
			buildConfigurationList = 640840861BD37C21002F3FCE /* Build configuration list for PBXNativeTarget "AutoLayoutExercises" */;
			buildPhases = (
				640840701BD37C21002F3FCE /* Sources */,
				640840711BD37C21002F3FCE /* Frameworks */,
				640840721BD37C21002F3FCE /* Resources */,
			);
			buildRules = (
			);
			dependencies = (
			);
			name = AutoLayoutExercises;
			productName = AutoLayoutExercises;
			productReference = 640840741BD37C21002F3FCE /* AutoLayoutExercises.app */;
			productType = "com.apple.product-type.application";
		};
/* End PBXNativeTarget section */

/* Begin PBXProject section */
		6408406C1BD37C21002F3FCE /* Project object */ = {
			isa = PBXProject;
			attributes = {
				LastUpgradeCheck = 0700;
				ORGANIZATIONNAME = "Alex Lima Lopes Cancado";
				TargetAttributes = {
					640840731BD37C21002F3FCE = {
						CreatedOnToolsVersion = 7.0.1;
					};
				};
			};
			buildConfigurationList = 6408406F1BD37C21002F3FCE /* Build configuration list for PBXProject "AutoLayoutExercises" */;
			compatibilityVersion = "Xcode 3.2";
			developmentRegion = English;
			hasScannedForEncodings = 0;
			knownRegions = (
				en,
				Base,
			);
			mainGroup = 6408406B1BD37C21002F3FCE;
			productRefGroup = 640840751BD37C21002F3FCE /* Products */;
			projectDirPath = "";
			projectRoot = "";
			targets = (
				640840731BD37C21002F3FCE /* AutoLayoutExercises */,
			);
		};
/* End PBXProject section */

/* Begin PBXResourcesBuildPhase section */
		640840721BD37C21002F3FCE /* Resources */ = {
			isa = PBXResourcesBuildPhase;
			buildActionMask = 2147483647;
			files = (
				640840821BD37C21002F3FCE /* LaunchScreen.storyboard in Resources */,
				6408407F1BD37C21002F3FCE /* Assets.xcassets in Resources */,
				6408407D1BD37C21002F3FCE /* Main.storyboard in Resources */,
			);
			runOnlyForDeploymentPostprocessing = 0;
		};
/* End PBXResourcesBuildPhase section */

/* Begin PBXSourcesBuildPhase section */
		640840701BD37C21002F3FCE /* Sources */ = {
			isa = PBXSourcesBuildPhase;
			buildActionMask = 2147483647;
			files = (
				6408407A1BD37C21002F3FCE /* ViewController.swift in Sources */,
				640840781BD37C21002F3FCE /* AppDelegate.swift in Sources */,
			);
			runOnlyForDeploymentPostprocessing = 0;
		};
/* End PBXSourcesBuildPhase section */

/* Begin PBXVariantGroup section */
		6408407B1BD37C21002F3FCE /* Main.storyboard */ = {
			isa = PBXVariantGroup;
			children = (
				6408407C1BD37C21002F3FCE /* Base */,
			);
			name = Main.storyboard;
			sourceTree = "<group>";
		};
		640840801BD37C21002F3FCE /* LaunchScreen.storyboard */ = {
			isa = PBXVariantGroup;
			children = (
				640840811BD37C21002F3FCE /* Base */,
			);
			name = LaunchScreen.storyboard;
			sourceTree = "<group>";
		};
/* End PBXVariantGroup section */

/* Begin XCBuildConfiguration section */
		640840841BD37C21002F3FCE /* Debug */ = {
			isa = XCBuildConfiguration;
			buildSettings = {
				ALWAYS_SEARCH_USER_PATHS = NO;
				CLANG_CXX_LANGUAGE_STANDARD = "gnu++0x";
				CLANG_CXX_LIBRARY = "libc++";
				CLANG_ENABLE_MODULES = YES;
				CLANG_ENABLE_OBJC_ARC = YES;
				CLANG_WARN_BOOL_CONVERSION = YES;
				CLANG_WARN_CONSTANT_CONVERSION = YES;
				CLANG_WARN_DIRECT_OBJC_ISA_USAGE = YES_ERROR;
				CLANG_WARN_EMPTY_BODY = YES;
				CLANG_WARN_ENUM_CONVERSION = YES;
				CLANG_WARN_INT_CONVERSION = YES;
				CLANG_WARN_OBJC_ROOT_CLASS = YES_ERROR;
				CLANG_WARN_UNREACHABLE_CODE = YES;
				CLANG_WARN__DUPLICATE_METHOD_MATCH = YES;
				"CODE_SIGN_IDENTITY[sdk=iphoneos*]" = "iPhone Developer";
				COPY_PHASE_STRIP = NO;
				DEBUG_INFORMATION_FORMAT = dwarf;
				ENABLE_STRICT_OBJC_MSGSEND = YES;
				ENABLE_TESTABILITY = YES;
				GCC_C_LANGUAGE_STANDARD = gnu99;
				GCC_DYNAMIC_NO_PIC = NO;
				GCC_NO_COMMON_BLOCKS = YES;
				GCC_OPTIMIZATION_LEVEL = 0;
				GCC_PREPROCESSOR_DEFINITIONS = (
					"DEBUG=1",
					"$(inherited)",
				);
				GCC_WARN_64_TO_32_BIT_CONVERSION = YES;
				GCC_WARN_ABOUT_RETURN_TYPE = YES_ERROR;
				GCC_WARN_UNDECLARED_SELECTOR = YES;
				GCC_WARN_UNINITIALIZED_AUTOS = YES_AGGRESSIVE;
				GCC_WARN_UNUSED_FUNCTION = YES;
				GCC_WARN_UNUSED_VARIABLE = YES;
				IPHONEOS_DEPLOYMENT_TARGET = 9.0;
				MTL_ENABLE_DEBUG_INFO = YES;
				ONLY_ACTIVE_ARCH = YES;
				SDKROOT = iphoneos;
				SWIFT_OPTIMIZATION_LEVEL = "-Onone";
			};
			name = Debug;
		};
		640840851BD37C21002F3FCE /* Release */ = {
			isa = XCBuildConfiguration;
			buildSettings = {
				ALWAYS_SEARCH_USER_PATHS = NO;
				CLANG_CXX_LANGUAGE_STANDARD = "gnu++0x";
				CLANG_CXX_LIBRARY = "libc++";
				CLANG_ENABLE_MODULES = YES;
				CLANG_ENABLE_OBJC_ARC = YES;
				CLANG_WARN_BOOL_CONVERSION = YES;
				CLANG_WARN_CONSTANT_CONVERSION = YES;
				CLANG_WARN_DIRECT_OBJC_ISA_USAGE = YES_ERROR;
				CLANG_WARN_EMPTY_BODY = YES;
				CLANG_WARN_ENUM_CONVERSION = YES;
				CLANG_WARN_INT_CONVERSION = YES;
				CLANG_WARN_OBJC_ROOT_CLASS = YES_ERROR;
				CLANG_WARN_UNREACHABLE_CODE = YES;
				CLANG_WARN__DUPLICATE_METHOD_MATCH = YES;
				"CODE_SIGN_IDENTITY[sdk=iphoneos*]" = "iPhone Developer";
				COPY_PHASE_STRIP = NO;
				DEBUG_INFORMATION_FORMAT = "dwarf-with-dsym";
				ENABLE_NS_ASSERTIONS = NO;
				ENABLE_STRICT_OBJC_MSGSEND = YES;
				GCC_C_LANGUAGE_STANDARD = gnu99;
				GCC_NO_COMMON_BLOCKS = YES;
				GCC_WARN_64_TO_32_BIT_CONVERSION = YES;
				GCC_WARN_ABOUT_RETURN_TYPE = YES_ERROR;
				GCC_WARN_UNDECLARED_SELECTOR = YES;
				GCC_WARN_UNINITIALIZED_AUTOS = YES_AGGRESSIVE;
				GCC_WARN_UNUSED_FUNCTION = YES;
				GCC_WARN_UNUSED_VARIABLE = YES;
				IPHONEOS_DEPLOYMENT_TARGET = 9.0;
				MTL_ENABLE_DEBUG_INFO = NO;
				SDKROOT = iphoneos;
				VALIDATE_PRODUCT = YES;
			};
			name = Release;
		};
		640840871BD37C21002F3FCE /* Debug */ = {
			isa = XCBuildConfiguration;
			buildSettings = {
				ASSETCATALOG_COMPILER_APPICON_NAME = AppIcon;
				INFOPLIST_FILE = AutoLayoutExercises/Info.plist;
				LD_RUNPATH_SEARCH_PATHS = "$(inherited) @executable_path/Frameworks";
				PRODUCT_BUNDLE_IDENTIFIER = com.alxcancado.AutoLayoutExercises;
				PRODUCT_NAME = "$(TARGET_NAME)";
			};
			name = Debug;
		};
		640840881BD37C21002F3FCE /* Release */ = {
			isa = XCBuildConfiguration;
			buildSettings = {
				ASSETCATALOG_COMPILER_APPICON_NAME = AppIcon;
				INFOPLIST_FILE = AutoLayoutExercises/Info.plist;
				LD_RUNPATH_SEARCH_PATHS = "$(inherited) @executable_path/Frameworks";
				PRODUCT_BUNDLE_IDENTIFIER = com.alxcancado.AutoLayoutExercises;
				PRODUCT_NAME = "$(TARGET_NAME)";
			};
			name = Release;
		};
/* End XCBuildConfiguration section */

/* Begin XCConfigurationList section */
		6408406F1BD37C21002F3FCE /* Build configuration list for PBXProject "AutoLayoutExercises" */ = {
			isa = XCConfigurationList;
			buildConfigurations = (
				640840841BD37C21002F3FCE /* Debug */,
				640840851BD37C21002F3FCE /* Release */,
			);
			defaultConfigurationIsVisible = 0;
			defaultConfigurationName = Release;
		};
		640840861BD37C21002F3FCE /* Build configuration list for PBXNativeTarget "AutoLayoutExercises" */ = {
			isa = XCConfigurationList;
			buildConfigurations = (
				640840871BD37C21002F3FCE /* Debug */,
				640840881BD37C21002F3FCE /* Release */,
			);
			defaultConfigurationIsVisible = 0;
		};
/* End XCConfigurationList section */
	};
	rootObject = 6408406C1BD37C21002F3FCE /* Project object */;
}
